
Microsoft Visual Studio Solution File, Format Version 12.00
# Visual Studio Version 17
VisualStudioVersion = 17.5.33424.131
MinimumVisualStudioVersion = 10.0.40219.1
Project("{FAE04EC0-301F-11D3-BF4B-00C04F79EFBC}") = "halcon_test", "halcon_test.csproj", "{F193E728-7BC4-4285-B964-5B591A74195B}"
EndProject
Global
	GlobalSection(SolutionConfigurationPlatforms) = preSolution
		Debug|Any CPU = Debug|Any CPU
		Release|Any CPU = Release|Any CPU
	EndGlobalSection
	GlobalSection(ProjectConfigurationPlatforms) = postSolution
		{F193E728-7BC4-4285-B964-5B591A74195B}.Debug|Any CPU.ActiveCfg = Debug|Any CPU
		{F193E728-7BC4-4285-B964-5B591A74195B}.Debug|Any CPU.Build.0 = Debug|Any CPU
		{F193E728-7BC4-4285-B964-5B591A74195B}.Release|Any CPU.ActiveCfg = Release|Any CPU
		{F193E728-7BC4-4285-B964-5B591A74195B}.Release|Any CPU.Build.0 = Release|Any CPU
	EndGlobalSection
	GlobalSection(SolutionProperties) = preSolution
		HideSolutionNode = FALSE
	EndGlobalSection
	GlobalSection(ExtensibilityGlobals) = postSolution
		SolutionGuid = {28C8AF44-791E-4D31-A2DA-0B07EC5A3315}
	EndGlobalSection
EndGlobal
